
Microsoft Visual Studio Solution File, Format Version 12.00
# Visual Studio 2012
Project("{FAE04EC0-301F-11D3-BF4B-00C04F79EFBC}") = "progra_3", "progra_3\progra_3.csproj", "{1DD4C36D-D28B-4D33-8E2D-6624982DC865}"
EndProject
Global
	GlobalSection(SolutionConfigurationPlatforms) = preSolution
		Debug|Any CPU = Debug|Any CPU
		Release|Any CPU = Release|Any CPU
	EndGlobalSection
	GlobalSection(ProjectConfigurationPlatforms) = postSolution
		{1DD4C36D-D28B-4D33-8E2D-6624982DC865}.Debug|Any CPU.ActiveCfg = Debug|Any CPU
		{1DD4C36D-D28B-4D33-8E2D-6624982DC865}.Debug|Any CPU.Build.0 = Debug|Any CPU
		{1DD4C36D-D28B-4D33-8E2D-6624982DC865}.Release|Any CPU.ActiveCfg = Release|Any CPU
		{1DD4C36D-D28B-4D33-8E2D-6624982DC865}.Release|Any CPU.Build.0 = Release|Any CPU
	EndGlobalSection
	GlobalSection(SolutionProperties) = preSolution
		HideSolutionNode = FALSE
	EndGlobalSection
EndGlobal
