
Microsoft Visual Studio Solution File, Format Version 12.00
# Visual Studio 2012
Project("{FAE04EC0-301F-11D3-BF4B-00C04F79EFBC}") = "Ventana_6", "Ventana_6\Ventana_6.csproj", "{00F31B88-9576-4B4F-A256-98A116BEC79C}"
EndProject
Global
	GlobalSection(SolutionConfigurationPlatforms) = preSolution
		Debug|Any CPU = Debug|Any CPU
		Release|Any CPU = Release|Any CPU
	EndGlobalSection
	GlobalSection(ProjectConfigurationPlatforms) = postSolution
		{00F31B88-9576-4B4F-A256-98A116BEC79C}.Debug|Any CPU.ActiveCfg = Debug|Any CPU
		{00F31B88-9576-4B4F-A256-98A116BEC79C}.Debug|Any CPU.Build.0 = Debug|Any CPU
		{00F31B88-9576-4B4F-A256-98A116BEC79C}.Release|Any CPU.ActiveCfg = Release|Any CPU
		{00F31B88-9576-4B4F-A256-98A116BEC79C}.Release|Any CPU.Build.0 = Release|Any CPU
	EndGlobalSection
	GlobalSection(SolutionProperties) = preSolution
		HideSolutionNode = FALSE
	EndGlobalSection
EndGlobal
